
Microsoft Visual Studio Solution File, Format Version 12.00
# Visual Studio Version 16
VisualStudioVersion = 16.0.33423.256
MinimumVisualStudioVersion = 10.0.40219.1
Project("{FAE04EC0-301F-11D3-BF4B-00C04F79EFBC}") = "Bai1", "Bai1\Bai1.csproj", "{0FF6577D-5A96-4FCD-9367-F73ECD37C3D7}"
EndProject
Global
	GlobalSection(SolutionConfigurationPlatforms) = preSolution
		Debug|Any CPU = Debug|Any CPU
		Release|Any CPU = Release|Any CPU
	EndGlobalSection
	GlobalSection(ProjectConfigurationPlatforms) = postSolution
		{0FF6577D-5A96-4FCD-9367-F73ECD37C3D7}.Debug|Any CPU.ActiveCfg = Debug|Any CPU
		{0FF6577D-5A96-4FCD-9367-F73ECD37C3D7}.Debug|Any CPU.Build.0 = Debug|Any CPU
		{0FF6577D-5A96-4FCD-9367-F73ECD37C3D7}.Release|Any CPU.ActiveCfg = Release|Any CPU
		{0FF6577D-5A96-4FCD-9367-F73ECD37C3D7}.Release|Any CPU.Build.0 = Release|Any CPU
	EndGlobalSection
	GlobalSection(SolutionProperties) = preSolution
		HideSolutionNode = FALSE
	EndGlobalSection
	GlobalSection(ExtensibilityGlobals) = postSolution
		SolutionGuid = {ABDD89F8-5AA7-40E6-9101-A692792AF1F9}
	EndGlobalSection
EndGlobal
