
Microsoft Visual Studio Solution File, Format Version 12.00
# Visual Studio Version 16
VisualStudioVersion = 16.0.33423.256
MinimumVisualStudioVersion = 10.0.40219.1
Project("{FAE04EC0-301F-11D3-BF4B-00C04F79EFBC}") = "An_Chuong8", "An_Chuong8.csproj", "{0798D4DA-736E-4C87-B0C9-B33D1F19346F}"
EndProject
Global
	GlobalSection(SolutionConfigurationPlatforms) = preSolution
		Debug|Any CPU = Debug|Any CPU
		Release|Any CPU = Release|Any CPU
	EndGlobalSection
	GlobalSection(ProjectConfigurationPlatforms) = postSolution
		{0798D4DA-736E-4C87-B0C9-B33D1F19346F}.Debug|Any CPU.ActiveCfg = Debug|Any CPU
		{0798D4DA-736E-4C87-B0C9-B33D1F19346F}.Debug|Any CPU.Build.0 = Debug|Any CPU
		{0798D4DA-736E-4C87-B0C9-B33D1F19346F}.Release|Any CPU.ActiveCfg = Release|Any CPU
		{0798D4DA-736E-4C87-B0C9-B33D1F19346F}.Release|Any CPU.Build.0 = Release|Any CPU
	EndGlobalSection
	GlobalSection(SolutionProperties) = preSolution
		HideSolutionNode = FALSE
	EndGlobalSection
	GlobalSection(ExtensibilityGlobals) = postSolution
		SolutionGuid = {138BFB73-2DE1-4A04-9D5A-AB14E7212548}
	EndGlobalSection
EndGlobal
